
Microsoft Visual Studio Solution File, Format Version 11.00
# Visual Studio 2010
Project("{FAE04EC0-301F-11D3-BF4B-00C04F79EFBC}") = "Music", "Music.csproj", "{11DAA057-FD7B-42A9-A7D1-3EF1AE5D0CEB}"
EndProject
Global
	GlobalSection(SolutionConfigurationPlatforms) = preSolution
		Debug|Any CPU = Debug|Any CPU
		Release|Any CPU = Release|Any CPU
	EndGlobalSection
	GlobalSection(ProjectConfigurationPlatforms) = postSolution
		{11DAA057-FD7B-42A9-A7D1-3EF1AE5D0CEB}.Debug|Any CPU.ActiveCfg = Debug|Any CPU
		{11DAA057-FD7B-42A9-A7D1-3EF1AE5D0CEB}.Debug|Any CPU.Build.0 = Debug|Any CPU
		{11DAA057-FD7B-42A9-A7D1-3EF1AE5D0CEB}.Release|Any CPU.ActiveCfg = Release|Any CPU
		{11DAA057-FD7B-42A9-A7D1-3EF1AE5D0CEB}.Release|Any CPU.Build.0 = Release|Any CPU
	EndGlobalSection
	GlobalSection(SolutionProperties) = preSolution
		HideSolutionNode = FALSE
	EndGlobalSection
EndGlobal
